// !$*UTF8*$!
{
	archiveVersion = 1;
	classes = {
	};
	objectVersion = 56;
	objects = {

/* Begin PBXBuildFile section */
		EC9A24622B6914CC00F77D11 /* AppDelegate.swift in Sources */ = {isa = PBXBuildFile; fileRef = EC9A24612B6914CC00F77D11 /* AppDelegate.swift */; };
		EC9A24642B6914CC00F77D11 /* SceneDelegate.swift in Sources */ = {isa = PBXBuildFile; fileRef = EC9A24632B6914CC00F77D11 /* SceneDelegate.swift */; };
		EC9A24662B6914CC00F77D11 /* ViewController.swift in Sources */ = {isa = PBXBuildFile; fileRef = EC9A24652B6914CC00F77D11 /* ViewController.swift */; };
		EC9A24692B6914CC00F77D11 /* Main.storyboard in Resources */ = {isa = PBXBuildFile; fileRef = EC9A24672B6914CC00F77D11 /* Main.storyboard */; };
		EC9A246B2B6914CE00F77D11 /* Assets.xcassets in Resources */ = {isa = PBXBuildFile; fileRef = EC9A246A2B6914CE00F77D11 /* Assets.xcassets */; };
		EC9A246E2B6914CE00F77D11 /* LaunchScreen.storyboard in Resources */ = {isa = PBXBuildFile; fileRef = EC9A246C2B6914CE00F77D11 /* LaunchScreen.storyboard */; };
		EC9A24772B69176200F77D11 /* Alamofire in Frameworks */ = {isa = PBXBuildFile; productRef = EC9A24762B69176200F77D11 /* Alamofire */; };
		EC9A247A2B69176C00F77D11 /* Kingfisher in Frameworks */ = {isa = PBXBuildFile; productRef = EC9A24792B69176C00F77D11 /* Kingfisher */; };
		EC9A247D2B69177300F77D11 /* SnapKit in Frameworks */ = {isa = PBXBuildFile; productRef = EC9A247C2B69177300F77D11 /* SnapKit */; };
		EC9A247F2B69177300F77D11 /* SnapKit-Dynamic in Frameworks */ = {isa = PBXBuildFile; productRef = EC9A247E2B69177300F77D11 /* SnapKit-Dynamic */; };
		EC9A24812B69189900F77D11 /* MainTableViewCell.swift in Sources */ = {isa = PBXBuildFile; fileRef = EC9A24802B69189900F77D11 /* MainTableViewCell.swift */; };
		EC9A248E2B6A5F7500F77D11 /* BaseViewController.swift in Sources */ = {isa = PBXBuildFile; fileRef = EC9A248D2B6A5F7500F77D11 /* BaseViewController.swift */; };
		EC9A24902B6A60E100F77D11 /* MainCollectionViewCell.swift in Sources */ = {isa = PBXBuildFile; fileRef = EC9A248F2B6A60E100F77D11 /* MainCollectionViewCell.swift */; };
		EC9A24932B6A64B200F77D11 /* TMDBAPIManager.swift in Sources */ = {isa = PBXBuildFile; fileRef = EC9A24922B6A64B200F77D11 /* TMDBAPIManager.swift */; };
		EC9A24952B6A670700F77D11 /* .gitignore in Resources */ = {isa = PBXBuildFile; fileRef = EC9A24942B6A670700F77D11 /* .gitignore */; };
		EC9A24972B6A671D00F77D11 /* APIKey.swift in Sources */ = {isa = PBXBuildFile; fileRef = EC9A24962B6A671D00F77D11 /* APIKey.swift */; };
		EC9A249A2B6A67FA00F77D11 /* TVModel.swift in Sources */ = {isa = PBXBuildFile; fileRef = EC9A24992B6A67FA00F77D11 /* TVModel.swift */; };
		EC9A249C2B6B4C5C00F77D11 /* DramaModel.swift in Sources */ = {isa = PBXBuildFile; fileRef = EC9A249B2B6B4C5C00F77D11 /* DramaModel.swift */; };
		EC9A249E2B6B5D2500F77D11 /* AggregateModel.swift in Sources */ = {isa = PBXBuildFile; fileRef = EC9A249D2B6B5D2500F77D11 /* AggregateModel.swift */; };
/* End PBXBuildFile section */

/* Begin PBXFileReference section */
		EC9A245E2B6914CC00F77D11 /* Media.app */ = {isa = PBXFileReference; explicitFileType = wrapper.application; includeInIndex = 0; path = Media.app; sourceTree = BUILT_PRODUCTS_DIR; };
		EC9A24612B6914CC00F77D11 /* AppDelegate.swift */ = {isa = PBXFileReference; lastKnownFileType = sourcecode.swift; path = AppDelegate.swift; sourceTree = "<group>"; };
		EC9A24632B6914CC00F77D11 /* SceneDelegate.swift */ = {isa = PBXFileReference; lastKnownFileType = sourcecode.swift; path = SceneDelegate.swift; sourceTree = "<group>"; };
		EC9A24652B6914CC00F77D11 /* ViewController.swift */ = {isa = PBXFileReference; lastKnownFileType = sourcecode.swift; path = ViewController.swift; sourceTree = "<group>"; };
		EC9A24682B6914CC00F77D11 /* Base */ = {isa = PBXFileReference; lastKnownFileType = file.storyboard; name = Base; path = Base.lproj/Main.storyboard; sourceTree = "<group>"; };
		EC9A246A2B6914CE00F77D11 /* Assets.xcassets */ = {isa = PBXFileReference; lastKnownFileType = folder.assetcatalog; path = Assets.xcassets; sourceTree = "<group>"; };
		EC9A246D2B6914CE00F77D11 /* Base */ = {isa = PBXFileReference; lastKnownFileType = file.storyboard; name = Base; path = Base.lproj/LaunchScreen.storyboard; sourceTree = "<group>"; };
		EC9A246F2B6914CE00F77D11 /* Info.plist */ = {isa = PBXFileReference; lastKnownFileType = text.plist.xml; path = Info.plist; sourceTree = "<group>"; };
		EC9A24802B69189900F77D11 /* MainTableViewCell.swift */ = {isa = PBXFileReference; lastKnownFileType = sourcecode.swift; path = MainTableViewCell.swift; sourceTree = "<group>"; };
		EC9A248D2B6A5F7500F77D11 /* BaseViewController.swift */ = {isa = PBXFileReference; lastKnownFileType = sourcecode.swift; path = BaseViewController.swift; sourceTree = "<group>"; };
		EC9A248F2B6A60E100F77D11 /* MainCollectionViewCell.swift */ = {isa = PBXFileReference; lastKnownFileType = sourcecode.swift; path = MainCollectionViewCell.swift; sourceTree = "<group>"; };
		EC9A24922B6A64B200F77D11 /* TMDBAPIManager.swift */ = {isa = PBXFileReference; lastKnownFileType = sourcecode.swift; path = TMDBAPIManager.swift; sourceTree = "<group>"; };
		EC9A24942B6A670700F77D11 /* .gitignore */ = {isa = PBXFileReference; lastKnownFileType = text; path = .gitignore; sourceTree = "<group>"; };
		EC9A24962B6A671D00F77D11 /* APIKey.swift */ = {isa = PBXFileReference; lastKnownFileType = sourcecode.swift; path = APIKey.swift; sourceTree = "<group>"; };
		EC9A24992B6A67FA00F77D11 /* TVModel.swift */ = {isa = PBXFileReference; lastKnownFileType = sourcecode.swift; path = TVModel.swift; sourceTree = "<group>"; };
		EC9A249B2B6B4C5C00F77D11 /* DramaModel.swift */ = {isa = PBXFileReference; lastKnownFileType = sourcecode.swift; path = DramaModel.swift; sourceTree = "<group>"; };
		EC9A249D2B6B5D2500F77D11 /* AggregateModel.swift */ = {isa = PBXFileReference; lastKnownFileType = sourcecode.swift; path = AggregateModel.swift; sourceTree = "<group>"; };
/* End PBXFileReference section */

/* Begin PBXFrameworksBuildPhase section */
		EC9A245B2B6914CC00F77D11 /* Frameworks */ = {
			isa = PBXFrameworksBuildPhase;
			buildActionMask = 2147483647;
			files = (
				EC9A247D2B69177300F77D11 /* SnapKit in Frameworks */,
				EC9A247A2B69176C00F77D11 /* Kingfisher in Frameworks */,
				EC9A24772B69176200F77D11 /* Alamofire in Frameworks */,
				EC9A247F2B69177300F77D11 /* SnapKit-Dynamic in Frameworks */,
			);
			runOnlyForDeploymentPostprocessing = 0;
		};
/* End PBXFrameworksBuildPhase section */

/* Begin PBXGroup section */
		EC9A24552B6914CC00F77D11 = {
			isa = PBXGroup;
			children = (
				EC9A24942B6A670700F77D11 /* .gitignore */,
				EC9A24602B6914CC00F77D11 /* Media */,
				EC9A245F2B6914CC00F77D11 /* Products */,
			);
			sourceTree = "<group>";
		};
		EC9A245F2B6914CC00F77D11 /* Products */ = {
			isa = PBXGroup;
			children = (
				EC9A245E2B6914CC00F77D11 /* Media.app */,
			);
			name = Products;
			sourceTree = "<group>";
		};
		EC9A24602B6914CC00F77D11 /* Media */ = {
			isa = PBXGroup;
			children = (
				EC9A24982B6A67E900F77D11 /* Network */,
				EC9A24962B6A671D00F77D11 /* APIKey.swift */,
				EC9A248D2B6A5F7500F77D11 /* BaseViewController.swift */,
				EC9A24652B6914CC00F77D11 /* ViewController.swift */,
				EC9A24802B69189900F77D11 /* MainTableViewCell.swift */,
				EC9A248F2B6A60E100F77D11 /* MainCollectionViewCell.swift */,
				EC9A24612B6914CC00F77D11 /* AppDelegate.swift */,
				EC9A24632B6914CC00F77D11 /* SceneDelegate.swift */,
				EC9A24672B6914CC00F77D11 /* Main.storyboard */,
				EC9A246A2B6914CE00F77D11 /* Assets.xcassets */,
				EC9A246C2B6914CE00F77D11 /* LaunchScreen.storyboard */,
				EC9A246F2B6914CE00F77D11 /* Info.plist */,
			);
			path = Media;
			sourceTree = "<group>";
		};
		EC9A24982B6A67E900F77D11 /* Network */ = {
			isa = PBXGroup;
			children = (
				EC9A24922B6A64B200F77D11 /* TMDBAPIManager.swift */,
				EC9A24992B6A67FA00F77D11 /* TVModel.swift */,
				EC9A249B2B6B4C5C00F77D11 /* DramaModel.swift */,
				EC9A249D2B6B5D2500F77D11 /* AggregateModel.swift */,
			);
			path = Network;
			sourceTree = "<group>";
		};
/* End PBXGroup section */

/* Begin PBXNativeTarget section */
		EC9A245D2B6914CC00F77D11 /* Media */ = {
			isa = PBXNativeTarget;
			buildConfigurationList = EC9A24722B6914CE00F77D11 /* Build configuration list for PBXNativeTarget "Media" */;
			buildPhases = (
				EC9A245A2B6914CC00F77D11 /* Sources */,
				EC9A245B2B6914CC00F77D11 /* Frameworks */,
				EC9A245C2B6914CC00F77D11 /* Resources */,
			);
			buildRules = (
			);
			dependencies = (
			);
			name = Media;
			packageProductDependencies = (
				EC9A24762B69176200F77D11 /* Alamofire */,
				EC9A24792B69176C00F77D11 /* Kingfisher */,
				EC9A247C2B69177300F77D11 /* SnapKit */,
				EC9A247E2B69177300F77D11 /* SnapKit-Dynamic */,
			);
			productName = Media;
			productReference = EC9A245E2B6914CC00F77D11 /* Media.app */;
			productType = "com.apple.product-type.application";
		};
/* End PBXNativeTarget section */

/* Begin PBXProject section */
		EC9A24562B6914CC00F77D11 /* Project object */ = {
			isa = PBXProject;
			attributes = {
				BuildIndependentTargetsInParallel = 1;
				LastSwiftUpdateCheck = 1520;
				LastUpgradeCheck = 1520;
				TargetAttributes = {
					EC9A245D2B6914CC00F77D11 = {
						CreatedOnToolsVersion = 15.2;
					};
				};
			};
			buildConfigurationList = EC9A24592B6914CC00F77D11 /* Build configuration list for PBXProject "Media" */;
			compatibilityVersion = "Xcode 14.0";
			developmentRegion = en;
			hasScannedForEncodings = 0;
			knownRegions = (
				en,
				Base,
			);
			mainGroup = EC9A24552B6914CC00F77D11;
			packageReferences = (
				EC9A24752B69176200F77D11 /* XCRemoteSwiftPackageReference "Alamofire" */,
				EC9A24782B69176C00F77D11 /* XCRemoteSwiftPackageReference "Kingfisher" */,
				EC9A247B2B69177300F77D11 /* XCRemoteSwiftPackageReference "SnapKit" */,
			);
			productRefGroup = EC9A245F2B6914CC00F77D11 /* Products */;
			projectDirPath = "";
			projectRoot = "";
			targets = (
				EC9A245D2B6914CC00F77D11 /* Media */,
			);
		};
/* End PBXProject section */

/* Begin PBXResourcesBuildPhase section */
		EC9A245C2B6914CC00F77D11 /* Resources */ = {
			isa = PBXResourcesBuildPhase;
			buildActionMask = 2147483647;
			files = (
				EC9A24952B6A670700F77D11 /* .gitignore in Resources */,
				EC9A246E2B6914CE00F77D11 /* LaunchScreen.storyboard in Resources */,
				EC9A246B2B6914CE00F77D11 /* Assets.xcassets in Resources */,
				EC9A24692B6914CC00F77D11 /* Main.storyboard in Resources */,
			);
			runOnlyForDeploymentPostprocessing = 0;
		};
/* End PBXResourcesBuildPhase section */

/* Begin PBXSourcesBuildPhase section */
		EC9A245A2B6914CC00F77D11 /* Sources */ = {
			isa = PBXSourcesBuildPhase;
			buildActionMask = 2147483647;
			files = (
				EC9A249E2B6B5D2500F77D11 /* AggregateModel.swift in Sources */,
				EC9A248E2B6A5F7500F77D11 /* BaseViewController.swift in Sources */,
				EC9A24902B6A60E100F77D11 /* MainCollectionViewCell.swift in Sources */,
				EC9A24972B6A671D00F77D11 /* APIKey.swift in Sources */,
				EC9A249C2B6B4C5C00F77D11 /* DramaModel.swift in Sources */,
				EC9A24662B6914CC00F77D11 /* ViewController.swift in Sources */,
				EC9A24622B6914CC00F77D11 /* AppDelegate.swift in Sources */,
				EC9A24812B69189900F77D11 /* MainTableViewCell.swift in Sources */,
				EC9A24932B6A64B200F77D11 /* TMDBAPIManager.swift in Sources */,
				EC9A249A2B6A67FA00F77D11 /* TVModel.swift in Sources */,
				EC9A24642B6914CC00F77D11 /* SceneDelegate.swift in Sources */,
			);
			runOnlyForDeploymentPostprocessing = 0;
		};
/* End PBXSourcesBuildPhase section */

/* Begin PBXVariantGroup section */
		EC9A24672B6914CC00F77D11 /* Main.storyboard */ = {
			isa = PBXVariantGroup;
			children = (
				EC9A24682B6914CC00F77D11 /* Base */,
			);
			name = Main.storyboard;
			sourceTree = "<group>";
		};
		EC9A246C2B6914CE00F77D11 /* LaunchScreen.storyboard */ = {
			isa = PBXVariantGroup;
			children = (
				EC9A246D2B6914CE00F77D11 /* Base */,
			);
			name = LaunchScreen.storyboard;
			sourceTree = "<group>";
		};
/* End PBXVariantGroup section */

/* Begin XCBuildConfiguration section */
		EC9A24702B6914CE00F77D11 /* Debug */ = {
			isa = XCBuildConfiguration;
			buildSettings = {
				ALWAYS_SEARCH_USER_PATHS = NO;
				ASSETCATALOG_COMPILER_GENERATE_SWIFT_ASSET_SYMBOL_EXTENSIONS = YES;
				CLANG_ANALYZER_NONNULL = YES;
				CLANG_ANALYZER_NUMBER_OBJECT_CONVERSION = YES_AGGRESSIVE;
				CLANG_CXX_LANGUAGE_STANDARD = "gnu++20";
				CLANG_ENABLE_MODULES = YES;
				CLANG_ENABLE_OBJC_ARC = YES;
				CLANG_ENABLE_OBJC_WEAK = YES;
				CLANG_WARN_BLOCK_CAPTURE_AUTORELEASING = YES;
				CLANG_WARN_BOOL_CONVERSION = YES;
				CLANG_WARN_COMMA = YES;
				CLANG_WARN_CONSTANT_CONVERSION = YES;
				CLANG_WARN_DEPRECATED_OBJC_IMPLEMENTATIONS = YES;
				CLANG_WARN_DIRECT_OBJC_ISA_USAGE = YES_ERROR;
				CLANG_WARN_DOCUMENTATION_COMMENTS = YES;
				CLANG_WARN_EMPTY_BODY = YES;
				CLANG_WARN_ENUM_CONVERSION = YES;
				CLANG_WARN_INFINITE_RECURSION = YES;
				CLANG_WARN_INT_CONVERSION = YES;
				CLANG_WARN_NON_LITERAL_NULL_CONVERSION = YES;
				CLANG_WARN_OBJC_IMPLICIT_RETAIN_SELF = YES;
				CLANG_WARN_OBJC_LITERAL_CONVERSION = YES;
				CLANG_WARN_OBJC_ROOT_CLASS = YES_ERROR;
				CLANG_WARN_QUOTED_INCLUDE_IN_FRAMEWORK_HEADER = YES;
				CLANG_WARN_RANGE_LOOP_ANALYSIS = YES;
				CLANG_WARN_STRICT_PROTOTYPES = YES;
				CLANG_WARN_SUSPICIOUS_MOVE = YES;
				CLANG_WARN_UNGUARDED_AVAILABILITY = YES_AGGRESSIVE;
				CLANG_WARN_UNREACHABLE_CODE = YES;
				CLANG_WARN__DUPLICATE_METHOD_MATCH = YES;
				COPY_PHASE_STRIP = NO;
				DEBUG_INFORMATION_FORMAT = dwarf;
				ENABLE_STRICT_OBJC_MSGSEND = YES;
				ENABLE_TESTABILITY = YES;
				ENABLE_USER_SCRIPT_SANDBOXING = YES;
				GCC_C_LANGUAGE_STANDARD = gnu17;
				GCC_DYNAMIC_NO_PIC = NO;
				GCC_NO_COMMON_BLOCKS = YES;
				GCC_OPTIMIZATION_LEVEL = 0;
				GCC_PREPROCESSOR_DEFINITIONS = (
					"DEBUG=1",
					"$(inherited)",
				);
				GCC_WARN_64_TO_32_BIT_CONVERSION = YES;
				GCC_WARN_ABOUT_RETURN_TYPE = YES_ERROR;
				GCC_WARN_UNDECLARED_SELECTOR = YES;
				GCC_WARN_UNINITIALIZED_AUTOS = YES_AGGRESSIVE;
				GCC_WARN_UNUSED_FUNCTION = YES;
				GCC_WARN_UNUSED_VARIABLE = YES;
				IPHONEOS_DEPLOYMENT_TARGET = 17.2;
				LOCALIZATION_PREFERS_STRING_CATALOGS = YES;
				MTL_ENABLE_DEBUG_INFO = INCLUDE_SOURCE;
				MTL_FAST_MATH = YES;
				ONLY_ACTIVE_ARCH = YES;
				SDKROOT = iphoneos;
				SWIFT_ACTIVE_COMPILATION_CONDITIONS = "DEBUG $(inherited)";
				SWIFT_OPTIMIZATION_LEVEL = "-Onone";
			};
			name = Debug;
		};
		EC9A24712B6914CE00F77D11 /* Release */ = {
			isa = XCBuildConfiguration;
			buildSettings = {
				ALWAYS_SEARCH_USER_PATHS = NO;
				ASSETCATALOG_COMPILER_GENERATE_SWIFT_ASSET_SYMBOL_EXTENSIONS = YES;
				CLANG_ANALYZER_NONNULL = YES;
				CLANG_ANALYZER_NUMBER_OBJECT_CONVERSION = YES_AGGRESSIVE;
				CLANG_CXX_LANGUAGE_STANDARD = "gnu++20";
				CLANG_ENABLE_MODULES = YES;
				CLANG_ENABLE_OBJC_ARC = YES;
				CLANG_ENABLE_OBJC_WEAK = YES;
				CLANG_WARN_BLOCK_CAPTURE_AUTORELEASING = YES;
				CLANG_WARN_BOOL_CONVERSION = YES;
				CLANG_WARN_COMMA = YES;
				CLANG_WARN_CONSTANT_CONVERSION = YES;
				CLANG_WARN_DEPRECATED_OBJC_IMPLEMENTATIONS = YES;
				CLANG_WARN_DIRECT_OBJC_ISA_USAGE = YES_ERROR;
				CLANG_WARN_DOCUMENTATION_COMMENTS = YES;
				CLANG_WARN_EMPTY_BODY = YES;
				CLANG_WARN_ENUM_CONVERSION = YES;
				CLANG_WARN_INFINITE_RECURSION = YES;
				CLANG_WARN_INT_CONVERSION = YES;
				CLANG_WARN_NON_LITERAL_NULL_CONVERSION = YES;
				CLANG_WARN_OBJC_IMPLICIT_RETAIN_SELF = YES;
				CLANG_WARN_OBJC_LITERAL_CONVERSION = YES;
				CLANG_WARN_OBJC_ROOT_CLASS = YES_ERROR;
				CLANG_WARN_QUOTED_INCLUDE_IN_FRAMEWORK_HEADER = YES;
				CLANG_WARN_RANGE_LOOP_ANALYSIS = YES;
				CLANG_WARN_STRICT_PROTOTYPES = YES;
				CLANG_WARN_SUSPICIOUS_MOVE = YES;
				CLANG_WARN_UNGUARDED_AVAILABILITY = YES_AGGRESSIVE;
				CLANG_WARN_UNREACHABLE_CODE = YES;
				CLANG_WARN__DUPLICATE_METHOD_MATCH = YES;
				COPY_PHASE_STRIP = NO;
				DEBUG_INFORMATION_FORMAT = "dwarf-with-dsym";
				ENABLE_NS_ASSERTIONS = NO;
				ENABLE_STRICT_OBJC_MSGSEND = YES;
				ENABLE_USER_SCRIPT_SANDBOXING = YES;
				GCC_C_LANGUAGE_STANDARD = gnu17;
				GCC_NO_COMMON_BLOCKS = YES;
				GCC_WARN_64_TO_32_BIT_CONVERSION = YES;
				GCC_WARN_ABOUT_RETURN_TYPE = YES_ERROR;
				GCC_WARN_UNDECLARED_SELECTOR = YES;
				GCC_WARN_UNINITIALIZED_AUTOS = YES_AGGRESSIVE;
				GCC_WARN_UNUSED_FUNCTION = YES;
				GCC_WARN_UNUSED_VARIABLE = YES;
				IPHONEOS_DEPLOYMENT_TARGET = 17.2;
				LOCALIZATION_PREFERS_STRING_CATALOGS = YES;
				MTL_ENABLE_DEBUG_INFO = NO;
				MTL_FAST_MATH = YES;
				SDKROOT = iphoneos;
				SWIFT_COMPILATION_MODE = wholemodule;
				VALIDATE_PRODUCT = YES;
			};
			name = Release;
		};
		EC9A24732B6914CE00F77D11 /* Debug */ = {
			isa = XCBuildConfiguration;
			buildSettings = {
				ASSETCATALOG_COMPILER_APPICON_NAME = AppIcon;
				ASSETCATALOG_COMPILER_GLOBAL_ACCENT_COLOR_NAME = AccentColor;
				CODE_SIGN_STYLE = Automatic;
				CURRENT_PROJECT_VERSION = 1;
				GENERATE_INFOPLIST_FILE = YES;
				INFOPLIST_FILE = Media/Info.plist;
				INFOPLIST_KEY_UIApplicationSupportsIndirectInputEvents = YES;
				INFOPLIST_KEY_UILaunchStoryboardName = LaunchScreen;
				INFOPLIST_KEY_UIMainStoryboardFile = Main;
				INFOPLIST_KEY_UISupportedInterfaceOrientations_iPad = "UIInterfaceOrientationPortrait UIInterfaceOrientationPortraitUpsideDown UIInterfaceOrientationLandscapeLeft UIInterfaceOrientationLandscapeRight";
				INFOPLIST_KEY_UISupportedInterfaceOrientations_iPhone = "UIInterfaceOrientationPortrait UIInterfaceOrientationLandscapeLeft UIInterfaceOrientationLandscapeRight";
				LD_RUNPATH_SEARCH_PATHS = (
					"$(inherited)",
					"@executable_path/Frameworks",
				);
				MARKETING_VERSION = 1.0;
				PRODUCT_BUNDLE_IDENTIFIER = com.olrae.Media;
				PRODUCT_NAME = "$(TARGET_NAME)";
				SWIFT_EMIT_LOC_STRINGS = YES;
				SWIFT_VERSION = 5.0;
				TARGETED_DEVICE_FAMILY = "1,2";
			};
			name = Debug;
		};
		EC9A24742B6914CE00F77D11 /* Release */ = {
			isa = XCBuildConfiguration;
			buildSettings = {
				ASSETCATALOG_COMPILER_APPICON_NAME = AppIcon;
				ASSETCATALOG_COMPILER_GLOBAL_ACCENT_COLOR_NAME = AccentColor;
				CODE_SIGN_STYLE = Automatic;
				CURRENT_PROJECT_VERSION = 1;
				GENERATE_INFOPLIST_FILE = YES;
				INFOPLIST_FILE = Media/Info.plist;
				INFOPLIST_KEY_UIApplicationSupportsIndirectInputEvents = YES;
				INFOPLIST_KEY_UILaunchStoryboardName = LaunchScreen;
				INFOPLIST_KEY_UIMainStoryboardFile = Main;
				INFOPLIST_KEY_UISupportedInterfaceOrientations_iPad = "UIInterfaceOrientationPortrait UIInterfaceOrientationPortraitUpsideDown UIInterfaceOrientationLandscapeLeft UIInterfaceOrientationLandscapeRight";
				INFOPLIST_KEY_UISupportedInterfaceOrientations_iPhone = "UIInterfaceOrientationPortrait UIInterfaceOrientationLandscapeLeft UIInterfaceOrientationLandscapeRight";
				LD_RUNPATH_SEARCH_PATHS = (
					"$(inherited)",
					"@executable_path/Frameworks",
				);
				MARKETING_VERSION = 1.0;
				PRODUCT_BUNDLE_IDENTIFIER = com.olrae.Media;
				PRODUCT_NAME = "$(TARGET_NAME)";
				SWIFT_EMIT_LOC_STRINGS = YES;
				SWIFT_VERSION = 5.0;
				TARGETED_DEVICE_FAMILY = "1,2";
			};
			name = Release;
		};
/* End XCBuildConfiguration section */

/* Begin XCConfigurationList section */
		EC9A24592B6914CC00F77D11 /* Build configuration list for PBXProject "Media" */ = {
			isa = XCConfigurationList;
			buildConfigurations = (
				EC9A24702B6914CE00F77D11 /* Debug */,
				EC9A24712B6914CE00F77D11 /* Release */,
			);
			defaultConfigurationIsVisible = 0;
			defaultConfigurationName = Release;
		};
		EC9A24722B6914CE00F77D11 /* Build configuration list for PBXNativeTarget "Media" */ = {
			isa = XCConfigurationList;
			buildConfigurations = (
				EC9A24732B6914CE00F77D11 /* Debug */,
				EC9A24742B6914CE00F77D11 /* Release */,
			);
			defaultConfigurationIsVisible = 0;
			defaultConfigurationName = Release;
		};
/* End XCConfigurationList section */

/* Begin XCRemoteSwiftPackageReference section */
		EC9A24752B69176200F77D11 /* XCRemoteSwiftPackageReference "Alamofire" */ = {
			isa = XCRemoteSwiftPackageReference;
			repositoryURL = "https://github.com/Alamofire/Alamofire.git";
			requirement = {
				kind = upToNextMajorVersion;
				minimumVersion = 5.8.1;
			};
		};
		EC9A24782B69176C00F77D11 /* XCRemoteSwiftPackageReference "Kingfisher" */ = {
			isa = XCRemoteSwiftPackageReference;
			repositoryURL = "https://github.com/onevcat/Kingfisher.git";
			requirement = {
				kind = upToNextMajorVersion;
				minimumVersion = 7.10.2;
			};
		};
		EC9A247B2B69177300F77D11 /* XCRemoteSwiftPackageReference "SnapKit" */ = {
			isa = XCRemoteSwiftPackageReference;
			repositoryURL = "https://github.com/SnapKit/SnapKit.git";
			requirement = {
				kind = upToNextMajorVersion;
				minimumVersion = 5.7.0;
			};
		};
/* End XCRemoteSwiftPackageReference section */

/* Begin XCSwiftPackageProductDependency section */
		EC9A24762B69176200F77D11 /* Alamofire */ = {
			isa = XCSwiftPackageProductDependency;
			package = EC9A24752B69176200F77D11 /* XCRemoteSwiftPackageReference "Alamofire" */;
			productName = Alamofire;
		};
		EC9A24792B69176C00F77D11 /* Kingfisher */ = {
			isa = XCSwiftPackageProductDependency;
			package = EC9A24782B69176C00F77D11 /* XCRemoteSwiftPackageReference "Kingfisher" */;
			productName = Kingfisher;
		};
		EC9A247C2B69177300F77D11 /* SnapKit */ = {
			isa = XCSwiftPackageProductDependency;
			package = EC9A247B2B69177300F77D11 /* XCRemoteSwiftPackageReference "SnapKit" */;
			productName = SnapKit;
		};
		EC9A247E2B69177300F77D11 /* SnapKit-Dynamic */ = {
			isa = XCSwiftPackageProductDependency;
			package = EC9A247B2B69177300F77D11 /* XCRemoteSwiftPackageReference "SnapKit" */;
			productName = "SnapKit-Dynamic";
		};
/* End XCSwiftPackageProductDependency section */
	};
	rootObject = EC9A24562B6914CC00F77D11 /* Project object */;
}
